
Microsoft Visual Studio Solution File, Format Version 12.00
# Visual Studio 14
VisualStudioVersion = 14.0.24720.0
MinimumVisualStudioVersion = 10.0.40219.1
Project("{FAE04EC0-301F-11D3-BF4B-00C04F79EFBC}") = "MocaOffice", "MocaOffice\MocaOffice.csproj", "{0451BAEF-DF2E-4B98-8644-94EE9415E389}"
	ProjectSection(ProjectDependencies) = postProject
		{D036333C-FE27-4E37-8B07-995C9FF8C1B4} = {D036333C-FE27-4E37-8B07-995C9FF8C1B4}
		{64143661-1C3B-426B-A517-AD02965D8A2D} = {64143661-1C3B-426B-A517-AD02965D8A2D}
		{FDE77265-157B-4CC9-BD04-C974C1DC9E17} = {FDE77265-157B-4CC9-BD04-C974C1DC9E17}
		{63989A91-5C1B-442F-ACB5-EE809D5DAB6B} = {63989A91-5C1B-442F-ACB5-EE809D5DAB6B}
		{8FC476B5-16D1-448C-B051-2144B77CBE96} = {8FC476B5-16D1-448C-B051-2144B77CBE96}
	EndProjectSection
EndProject
Project("{F184B08F-C81C-45F6-A57F-5ABD9991F28F}") = "MocaOffice20", "MocaOffice20\MocaOffice20.vbproj", "{63989A91-5C1B-442F-ACB5-EE809D5DAB6B}"
EndProject
Project("{F184B08F-C81C-45F6-A57F-5ABD9991F28F}") = "MocaOffice35", "MocaOffice35\MocaOffice35.vbproj", "{FDE77265-157B-4CC9-BD04-C974C1DC9E17}"
EndProject
Project("{F184B08F-C81C-45F6-A57F-5ABD9991F28F}") = "MocaOffice40", "MocaOffice40\MocaOffice40.vbproj", "{D036333C-FE27-4E37-8B07-995C9FF8C1B4}"
EndProject
Project("{F184B08F-C81C-45F6-A57F-5ABD9991F28F}") = "MocaOffice45", "MocaOffice45\MocaOffice45.vbproj", "{8FC476B5-16D1-448C-B051-2144B77CBE96}"
EndProject
Project("{2150E333-8FDC-42A3-9474-1A3956D46DE8}") = ".nuget", ".nuget", "{57B3BE47-D2EB-421B-B21D-BBFE3F0FBBC6}"
	ProjectSection(SolutionItems) = preProject
		.nuget\NuGet.Config = .nuget\NuGet.Config
		.nuget\NuGet.exe = .nuget\NuGet.exe
		.nuget\NuGet.targets = .nuget\NuGet.targets
	EndProjectSection
EndProject
Project("{F184B08F-C81C-45F6-A57F-5ABD9991F28F}") = "MocaOffice46", "MocaOffice46\MocaOffice46.vbproj", "{64143661-1C3B-426B-A517-AD02965D8A2D}"
EndProject
Project("{2150E333-8FDC-42A3-9474-1A3956D46DE8}") = "Solution Items", "Solution Items", "{0A8E4CD9-6ACA-41AD-97FB-D380C565514A}"
	ProjectSection(SolutionItems) = preProject
		LICENSE.md = LICENSE.md
		README.md = README.md
	EndProjectSection
EndProject
Global
	GlobalSection(SolutionConfigurationPlatforms) = preSolution
		Debug|Any CPU = Debug|Any CPU
		Release|Any CPU = Release|Any CPU
	EndGlobalSection
	GlobalSection(ProjectConfigurationPlatforms) = postSolution
		{0451BAEF-DF2E-4B98-8644-94EE9415E389}.Debug|Any CPU.ActiveCfg = Debug|Any CPU
		{0451BAEF-DF2E-4B98-8644-94EE9415E389}.Debug|Any CPU.Build.0 = Debug|Any CPU
		{0451BAEF-DF2E-4B98-8644-94EE9415E389}.Release|Any CPU.ActiveCfg = Release|Any CPU
		{0451BAEF-DF2E-4B98-8644-94EE9415E389}.Release|Any CPU.Build.0 = Release|Any CPU
		{63989A91-5C1B-442F-ACB5-EE809D5DAB6B}.Debug|Any CPU.ActiveCfg = Debug|Any CPU
		{63989A91-5C1B-442F-ACB5-EE809D5DAB6B}.Debug|Any CPU.Build.0 = Debug|Any CPU
		{63989A91-5C1B-442F-ACB5-EE809D5DAB6B}.Release|Any CPU.ActiveCfg = Release|Any CPU
		{63989A91-5C1B-442F-ACB5-EE809D5DAB6B}.Release|Any CPU.Build.0 = Release|Any CPU
		{FDE77265-157B-4CC9-BD04-C974C1DC9E17}.Debug|Any CPU.ActiveCfg = Debug|Any CPU
		{FDE77265-157B-4CC9-BD04-C974C1DC9E17}.Debug|Any CPU.Build.0 = Debug|Any CPU
		{FDE77265-157B-4CC9-BD04-C974C1DC9E17}.Release|Any CPU.ActiveCfg = Release|Any CPU
		{FDE77265-157B-4CC9-BD04-C974C1DC9E17}.Release|Any CPU.Build.0 = Release|Any CPU
		{D036333C-FE27-4E37-8B07-995C9FF8C1B4}.Debug|Any CPU.ActiveCfg = Debug|Any CPU
		{D036333C-FE27-4E37-8B07-995C9FF8C1B4}.Debug|Any CPU.Build.0 = Debug|Any CPU
		{D036333C-FE27-4E37-8B07-995C9FF8C1B4}.Release|Any CPU.ActiveCfg = Release|Any CPU
		{D036333C-FE27-4E37-8B07-995C9FF8C1B4}.Release|Any CPU.Build.0 = Release|Any CPU
		{8FC476B5-16D1-448C-B051-2144B77CBE96}.Debug|Any CPU.ActiveCfg = Debug|Any CPU
		{8FC476B5-16D1-448C-B051-2144B77CBE96}.Debug|Any CPU.Build.0 = Debug|Any CPU
		{8FC476B5-16D1-448C-B051-2144B77CBE96}.Release|Any CPU.ActiveCfg = Release|Any CPU
		{8FC476B5-16D1-448C-B051-2144B77CBE96}.Release|Any CPU.Build.0 = Release|Any CPU
		{64143661-1C3B-426B-A517-AD02965D8A2D}.Debug|Any CPU.ActiveCfg = Debug|Any CPU
		{64143661-1C3B-426B-A517-AD02965D8A2D}.Debug|Any CPU.Build.0 = Debug|Any CPU
		{64143661-1C3B-426B-A517-AD02965D8A2D}.Release|Any CPU.ActiveCfg = Release|Any CPU
		{64143661-1C3B-426B-A517-AD02965D8A2D}.Release|Any CPU.Build.0 = Release|Any CPU
	EndGlobalSection
	GlobalSection(SolutionProperties) = preSolution
		HideSolutionNode = FALSE
	EndGlobalSection
EndGlobal
